<?xml version="1.0" encoding="UTF-8"?>
<Scheme
   LastUpgradeVersion = "0920"
   version = "1.3">
   <BuildAction
      parallelizeBuildables = "YES"
      buildImplicitDependencies = "YES">
      <BuildActionEntries>
         <BuildActionEntry
            buildForTesting = "YES"
            buildForRunning = "YES"
            buildForProfiling = "YES"
            buildForArchiving = "YES"
            buildForAnalyzing = "YES">
            <BuildableReference
               BuildableIdentifier = "primary"
               BlueprintIdentifier = "C8808E1F20687CBB00013291"
               BuildableName = "TemplateFinder"
               BlueprintName = "TemplateFinder"
               ReferencedContainer = "container:TemplateFinder.xcodeproj">
            </BuildableReference>
         </BuildActionEntry>
      </BuildActionEntries>
   </BuildAction>
   <TestAction
      buildConfiguration = "Debug"
      selectedDebuggerIdentifier = "Xcode.DebuggerFoundation.Debugger.LLDB"
      selectedLauncherIdentifier = "Xcode.DebuggerFoundation.Launcher.LLDB"
      shouldUseLaunchSchemeArgsEnv = "YES">
      <Testables>
      </Testables>
      <MacroExpansion>
         <BuildableReference
            BuildableIdentifier = "primary"
            BlueprintIdentifier = "C8808E1F20687CBB00013291"
            BuildableName = "TemplateFinder"
            BlueprintName = "TemplateFinder"
            ReferencedContainer = "container:TemplateFinder.xcodeproj">
         </BuildableReference>
      </MacroExpansion>
      <AdditionalOptions>
      </AdditionalOptions>
   </TestAction>
   <LaunchAction
      buildConfiguration = "Debug"
      selectedDebuggerIdentifier = "Xcode.DebuggerFoundation.Debugger.LLDB"
      selectedLauncherIdentifier = "Xcode.DebuggerFoundation.Launcher.LLDB"
      launchStyle = "0"
      useCustomWorkingDirectory = "NO"
      ignoresPersistentStateOnLaunch = "NO"
      debugDocumentVersioning = "YES"
      debugServiceExtension = "internal"
      allowLocationSimulation = "YES">
      <BuildableProductRunnable
         runnableDebuggingMode = "0">
         <BuildableReference
            BuildableIdentifier = "primary"
            BlueprintIdentifier = "C8808E1F20687CBB00013291"
            BuildableName = "TemplateFinder"
            BlueprintName = "TemplateFinder"
            ReferencedContainer = "container:TemplateFinder.xcodeproj">
         </BuildableReference>
      </BuildableProductRunnable>
      <CommandLineArguments>
         <CommandLineArgument
            argument = "vid19.m4v"
            isEnabled = "YES">
         </CommandLineArgument>
         <CommandLineArgument
            argument = "0.5"
            isEnabled = "YES">
         </CommandLineArgument>
         <CommandLineArgument
            argument = "20.0"
            isEnabled = "YES">
         </CommandLineArgument>
         <CommandLineArgument
            argument = "90"
            isEnabled = "YES">
         </CommandLineArgument>
         <CommandLineArgument
            argument = "500"
            isEnabled = "YES">
         </CommandLineArgument>
         <CommandLineArgument
            argument = "37"
            isEnabled = "YES">
         </CommandLineArgument>
         <CommandLineArgument
            argument = "-81"
            isEnabled = "YES">
         </CommandLineArgument>
         <CommandLineArgument
            argument = "temp1.jpg"
            isEnabled = "YES">
         </CommandLineArgument>
         <CommandLineArgument
            argument = "temp2.jpg"
            isEnabled = "YES">
         </CommandLineArgument>
         <CommandLineArgument
            argument = "temp3.jpg"
            isEnabled = "YES">
         </CommandLineArgument>
      </CommandLineArguments>
      <AdditionalOptions>
      </AdditionalOptions>
   </LaunchAction>
   <ProfileAction
      buildConfiguration = "Release"
      shouldUseLaunchSchemeArgsEnv = "YES"
      savedToolIdentifier = ""
      useCustomWorkingDirectory = "NO"
      debugDocumentVersioning = "YES">
      <BuildableProductRunnable
         runnableDebuggingMode = "0">
         <BuildableReference
            BuildableIdentifier = "primary"
            BlueprintIdentifier = "C8808E1F20687CBB00013291"
            BuildableName = "TemplateFinder"
            BlueprintName = "TemplateFinder"
            ReferencedContainer = "container:TemplateFinder.xcodeproj">
         </BuildableReference>
      </BuildableProductRunnable>
   </ProfileAction>
   <AnalyzeAction
      buildConfiguration = "Debug">
   </AnalyzeAction>
   <ArchiveAction
      buildConfiguration = "Release"
      revealArchiveInOrganizer = "YES">
   </ArchiveAction>
</Scheme>
